{
  "name": "js-modal",
  "version": "1.0.0",
  "lockfileVersion": 1,
  "requires": true,
  "dependencies": {
    "miptleha-http": {
      "version": "0.1.6",
      "resolved": "https://registry.npmjs.org/miptleha-http/-/miptleha-http-0.1.6.tgz",
      "integrity": "sha512-mOsTdRMLZ3xAHt/0lTvei+61e+1EAWzhSVC7NCWR+qALS8gD8TbvMsjzNuXCWKLEya7FRVHoFxTX9icA78ZQfQ==",
      "dev": true
    }
  }
}
